
Microsoft Visual Studio Solution File, Format Version 12.00
# Visual Studio Version 17
VisualStudioVersion = 17.11.35222.181
MinimumVisualStudioVersion = 10.0.40219.1
Project("{FAE04EC0-301F-11D3-BF4B-00C04F79EFBC}") = "Тумаков - Лабораторная 4 главы", "Homework 3 (Operators and exceptions)\Тумаков - Лабораторная 4 главы.csproj", "{5FE1CEF1-5D24-455E-B451-C282AAAEEFDF}"
EndProject
Project("{FAE04EC0-301F-11D3-BF4B-00C04F79EFBC}") = "Задания", "Задания\Задания.csproj", "{8612871A-167E-465E-BEA1-73DC92E37142}"
EndProject
Global
	GlobalSection(SolutionConfigurationPlatforms) = preSolution
		Debug|Any CPU = Debug|Any CPU
		Release|Any CPU = Release|Any CPU
	EndGlobalSection
	GlobalSection(ProjectConfigurationPlatforms) = postSolution
		{5FE1CEF1-5D24-455E-B451-C282AAAEEFDF}.Debug|Any CPU.ActiveCfg = Debug|Any CPU
		{5FE1CEF1-5D24-455E-B451-C282AAAEEFDF}.Debug|Any CPU.Build.0 = Debug|Any CPU
		{5FE1CEF1-5D24-455E-B451-C282AAAEEFDF}.Release|Any CPU.ActiveCfg = Release|Any CPU
		{5FE1CEF1-5D24-455E-B451-C282AAAEEFDF}.Release|Any CPU.Build.0 = Release|Any CPU
		{8612871A-167E-465E-BEA1-73DC92E37142}.Debug|Any CPU.ActiveCfg = Debug|Any CPU
		{8612871A-167E-465E-BEA1-73DC92E37142}.Debug|Any CPU.Build.0 = Debug|Any CPU
		{8612871A-167E-465E-BEA1-73DC92E37142}.Release|Any CPU.ActiveCfg = Release|Any CPU
		{8612871A-167E-465E-BEA1-73DC92E37142}.Release|Any CPU.Build.0 = Release|Any CPU
	EndGlobalSection
	GlobalSection(SolutionProperties) = preSolution
		HideSolutionNode = FALSE
	EndGlobalSection
	GlobalSection(ExtensibilityGlobals) = postSolution
		SolutionGuid = {69A38E0C-63F5-40C0-AE51-E05FC9C35798}
	EndGlobalSection
EndGlobal
